// !$*UTF8*$!
{
	archiveVersion = 1;
	classes = {
	};
	objectVersion = 46;
	objects = {

/* Begin PBXBuildFile section */
		0404D29F1886628A008F12E0 /* Foundation.framework in Frameworks */ = {isa = PBXBuildFile; fileRef = 0404D29E1886628A008F12E0 /* Foundation.framework */; };
		0404D2A11886628A008F12E0 /* CoreGraphics.framework in Frameworks */ = {isa = PBXBuildFile; fileRef = 0404D2A01886628A008F12E0 /* CoreGraphics.framework */; };
		0404D2A31886628A008F12E0 /* UIKit.framework in Frameworks */ = {isa = PBXBuildFile; fileRef = 0404D2A21886628A008F12E0 /* UIKit.framework */; };
		0404D2A91886628A008F12E0 /* InfoPlist.strings in Resources */ = {isa = PBXBuildFile; fileRef = 0404D2A71886628A008F12E0 /* InfoPlist.strings */; };
		0404D2AB1886628A008F12E0 /* main.m in Sources */ = {isa = PBXBuildFile; fileRef = 0404D2AA1886628A008F12E0 /* main.m */; };
		0404D2AF1886628A008F12E0 /* BIDAppDelegate.m in Sources */ = {isa = PBXBuildFile; fileRef = 0404D2AE1886628A008F12E0 /* BIDAppDelegate.m */; };
		0404D2B21886628A008F12E0 /* Main.storyboard in Resources */ = {isa = PBXBuildFile; fileRef = 0404D2B01886628A008F12E0 /* Main.storyboard */; };
		0404D2B51886628A008F12E0 /* BIDViewController.m in Sources */ = {isa = PBXBuildFile; fileRef = 0404D2B41886628A008F12E0 /* BIDViewController.m */; };
		0404D2B71886628A008F12E0 /* Images.xcassets in Resources */ = {isa = PBXBuildFile; fileRef = 0404D2B61886628A008F12E0 /* Images.xcassets */; };
		0404D2BE1886628A008F12E0 /* XCTest.framework in Frameworks */ = {isa = PBXBuildFile; fileRef = 0404D2BD1886628A008F12E0 /* XCTest.framework */; };
		0404D2BF1886628A008F12E0 /* Foundation.framework in Frameworks */ = {isa = PBXBuildFile; fileRef = 0404D29E1886628A008F12E0 /* Foundation.framework */; };
		0404D2C01886628A008F12E0 /* UIKit.framework in Frameworks */ = {isa = PBXBuildFile; fileRef = 0404D2A21886628A008F12E0 /* UIKit.framework */; };
		0404D2C81886628A008F12E0 /* InfoPlist.strings in Resources */ = {isa = PBXBuildFile; fileRef = 0404D2C61886628A008F12E0 /* InfoPlist.strings */; };
		0404D2CA1886628A008F12E0 /* ShakeAndBreakTests.m in Sources */ = {isa = PBXBuildFile; fileRef = 0404D2C91886628A008F12E0 /* ShakeAndBreakTests.m */; };
		0404D2D6188663BA008F12E0 /* glass.wav in Resources */ = {isa = PBXBuildFile; fileRef = 0404D2D3188663BA008F12E0 /* glass.wav */; };
		0404D3211887D6DF008F12E0 /* home.png in Resources */ = {isa = PBXBuildFile; fileRef = 0404D31F1887D6DF008F12E0 /* home.png */; };
		0404D3221887D6DF008F12E0 /* homebroken.png in Resources */ = {isa = PBXBuildFile; fileRef = 0404D3201887D6DF008F12E0 /* homebroken.png */; };
/* End PBXBuildFile section */

/* Begin PBXContainerItemProxy section */
		0404D2C11886628A008F12E0 /* PBXContainerItemProxy */ = {
			isa = PBXContainerItemProxy;
			containerPortal = 0404D2931886628A008F12E0 /* Project object */;
			proxyType = 1;
			remoteGlobalIDString = 0404D29A1886628A008F12E0;
			remoteInfo = ShakeAndBreak;
		};
/* End PBXContainerItemProxy section */

/* Begin PBXFileReference section */
		0404D29B1886628A008F12E0 /* ShakeAndBreak.app */ = {isa = PBXFileReference; explicitFileType = wrapper.application; includeInIndex = 0; path = ShakeAndBreak.app; sourceTree = BUILT_PRODUCTS_DIR; };
		0404D29E1886628A008F12E0 /* Foundation.framework */ = {isa = PBXFileReference; lastKnownFileType = wrapper.framework; name = Foundation.framework; path = System/Library/Frameworks/Foundation.framework; sourceTree = SDKROOT; };
		0404D2A01886628A008F12E0 /* CoreGraphics.framework */ = {isa = PBXFileReference; lastKnownFileType = wrapper.framework; name = CoreGraphics.framework; path = System/Library/Frameworks/CoreGraphics.framework; sourceTree = SDKROOT; };
		0404D2A21886628A008F12E0 /* UIKit.framework */ = {isa = PBXFileReference; lastKnownFileType = wrapper.framework; name = UIKit.framework; path = System/Library/Frameworks/UIKit.framework; sourceTree = SDKROOT; };
		0404D2A61886628A008F12E0 /* ShakeAndBreak-Info.plist */ = {isa = PBXFileReference; lastKnownFileType = text.plist.xml; path = "ShakeAndBreak-Info.plist"; sourceTree = "<group>"; };
		0404D2A81886628A008F12E0 /* en */ = {isa = PBXFileReference; lastKnownFileType = text.plist.strings; name = en; path = en.lproj/InfoPlist.strings; sourceTree = "<group>"; };
		0404D2AA1886628A008F12E0 /* main.m */ = {isa = PBXFileReference; lastKnownFileType = sourcecode.c.objc; path = main.m; sourceTree = "<group>"; };
		0404D2AC1886628A008F12E0 /* ShakeAndBreak-Prefix.pch */ = {isa = PBXFileReference; lastKnownFileType = sourcecode.c.h; path = "ShakeAndBreak-Prefix.pch"; sourceTree = "<group>"; };
		0404D2AD1886628A008F12E0 /* BIDAppDelegate.h */ = {isa = PBXFileReference; lastKnownFileType = sourcecode.c.h; path = BIDAppDelegate.h; sourceTree = "<group>"; };
		0404D2AE1886628A008F12E0 /* BIDAppDelegate.m */ = {isa = PBXFileReference; lastKnownFileType = sourcecode.c.objc; path = BIDAppDelegate.m; sourceTree = "<group>"; };
		0404D2B11886628A008F12E0 /* Base */ = {isa = PBXFileReference; lastKnownFileType = file.storyboard; name = Base; path = Base.lproj/Main.storyboard; sourceTree = "<group>"; };
		0404D2B31886628A008F12E0 /* BIDViewController.h */ = {isa = PBXFileReference; lastKnownFileType = sourcecode.c.h; path = BIDViewController.h; sourceTree = "<group>"; };
		0404D2B41886628A008F12E0 /* BIDViewController.m */ = {isa = PBXFileReference; lastKnownFileType = sourcecode.c.objc; path = BIDViewController.m; sourceTree = "<group>"; };
		0404D2B61886628A008F12E0 /* Images.xcassets */ = {isa = PBXFileReference; lastKnownFileType = folder.assetcatalog; path = Images.xcassets; sourceTree = "<group>"; };
		0404D2BC1886628A008F12E0 /* ShakeAndBreakTests.xctest */ = {isa = PBXFileReference; explicitFileType = wrapper.cfbundle; includeInIndex = 0; path = ShakeAndBreakTests.xctest; sourceTree = BUILT_PRODUCTS_DIR; };
		0404D2BD1886628A008F12E0 /* XCTest.framework */ = {isa = PBXFileReference; lastKnownFileType = wrapper.framework; name = XCTest.framework; path = Library/Frameworks/XCTest.framework; sourceTree = DEVELOPER_DIR; };
		0404D2C51886628A008F12E0 /* ShakeAndBreakTests-Info.plist */ = {isa = PBXFileReference; lastKnownFileType = text.plist.xml; path = "ShakeAndBreakTests-Info.plist"; sourceTree = "<group>"; };
		0404D2C71886628A008F12E0 /* en */ = {isa = PBXFileReference; lastKnownFileType = text.plist.strings; name = en; path = en.lproj/InfoPlist.strings; sourceTree = "<group>"; };
		0404D2C91886628A008F12E0 /* ShakeAndBreakTests.m */ = {isa = PBXFileReference; lastKnownFileType = sourcecode.c.objc; path = ShakeAndBreakTests.m; sourceTree = "<group>"; };
		0404D2D3188663BA008F12E0 /* glass.wav */ = {isa = PBXFileReference; lastKnownFileType = audio.wav; path = glass.wav; sourceTree = "<group>"; };
		0404D31F1887D6DF008F12E0 /* home.png */ = {isa = PBXFileReference; lastKnownFileType = image.png; path = home.png; sourceTree = "<group>"; };
		0404D3201887D6DF008F12E0 /* homebroken.png */ = {isa = PBXFileReference; lastKnownFileType = image.png; path = homebroken.png; sourceTree = "<group>"; };
/* End PBXFileReference section */

/* Begin PBXFrameworksBuildPhase section */
		0404D2981886628A008F12E0 /* Frameworks */ = {
			isa = PBXFrameworksBuildPhase;
			buildActionMask = 2147483647;
			files = (
				0404D2A11886628A008F12E0 /* CoreGraphics.framework in Frameworks */,
				0404D2A31886628A008F12E0 /* UIKit.framework in Frameworks */,
				0404D29F1886628A008F12E0 /* Foundation.framework in Frameworks */,
			);
			runOnlyForDeploymentPostprocessing = 0;
		};
		0404D2B91886628A008F12E0 /* Frameworks */ = {
			isa = PBXFrameworksBuildPhase;
			buildActionMask = 2147483647;
			files = (
				0404D2BE1886628A008F12E0 /* XCTest.framework in Frameworks */,
				0404D2C01886628A008F12E0 /* UIKit.framework in Frameworks */,
				0404D2BF1886628A008F12E0 /* Foundation.framework in Frameworks */,
			);
			runOnlyForDeploymentPostprocessing = 0;
		};
/* End PBXFrameworksBuildPhase section */

/* Begin PBXGroup section */
		0404D2921886628A008F12E0 = {
			isa = PBXGroup;
			children = (
				0404D2A41886628A008F12E0 /* ShakeAndBreak */,
				0404D2C31886628A008F12E0 /* ShakeAndBreakTests */,
				0404D29D1886628A008F12E0 /* Frameworks */,
				0404D29C1886628A008F12E0 /* Products */,
			);
			sourceTree = "<group>";
		};
		0404D29C1886628A008F12E0 /* Products */ = {
			isa = PBXGroup;
			children = (
				0404D29B1886628A008F12E0 /* ShakeAndBreak.app */,
				0404D2BC1886628A008F12E0 /* ShakeAndBreakTests.xctest */,
			);
			name = Products;
			sourceTree = "<group>";
		};
		0404D29D1886628A008F12E0 /* Frameworks */ = {
			isa = PBXGroup;
			children = (
				0404D29E1886628A008F12E0 /* Foundation.framework */,
				0404D2A01886628A008F12E0 /* CoreGraphics.framework */,
				0404D2A21886628A008F12E0 /* UIKit.framework */,
				0404D2BD1886628A008F12E0 /* XCTest.framework */,
			);
			name = Frameworks;
			sourceTree = "<group>";
		};
		0404D2A41886628A008F12E0 /* ShakeAndBreak */ = {
			isa = PBXGroup;
			children = (
				0404D2D3188663BA008F12E0 /* glass.wav */,
				0404D2AD1886628A008F12E0 /* BIDAppDelegate.h */,
				0404D2AE1886628A008F12E0 /* BIDAppDelegate.m */,
				0404D31F1887D6DF008F12E0 /* home.png */,
				0404D3201887D6DF008F12E0 /* homebroken.png */,
				0404D2B01886628A008F12E0 /* Main.storyboard */,
				0404D2B31886628A008F12E0 /* BIDViewController.h */,
				0404D2B41886628A008F12E0 /* BIDViewController.m */,
				0404D2B61886628A008F12E0 /* Images.xcassets */,
				0404D2A51886628A008F12E0 /* Supporting Files */,
			);
			path = ShakeAndBreak;
			sourceTree = "<group>";
		};
		0404D2A51886628A008F12E0 /* Supporting Files */ = {
			isa = PBXGroup;
			children = (
				0404D2A61886628A008F12E0 /* ShakeAndBreak-Info.plist */,
				0404D2A71886628A008F12E0 /* InfoPlist.strings */,
				0404D2AA1886628A008F12E0 /* main.m */,
				0404D2AC1886628A008F12E0 /* ShakeAndBreak-Prefix.pch */,
			);
			name = "Supporting Files";
			sourceTree = "<group>";
		};
		0404D2C31886628A008F12E0 /* ShakeAndBreakTests */ = {
			isa = PBXGroup;
			children = (
				0404D2C91886628A008F12E0 /* ShakeAndBreakTests.m */,
				0404D2C41886628A008F12E0 /* Supporting Files */,
			);
			path = ShakeAndBreakTests;
			sourceTree = "<group>";
		};
		0404D2C41886628A008F12E0 /* Supporting Files */ = {
			isa = PBXGroup;
			children = (
				0404D2C51886628A008F12E0 /* ShakeAndBreakTests-Info.plist */,
				0404D2C61886628A008F12E0 /* InfoPlist.strings */,
			);
			name = "Supporting Files";
			sourceTree = "<group>";
		};
/* End PBXGroup section */

/* Begin PBXNativeTarget section */
		0404D29A1886628A008F12E0 /* ShakeAndBreak */ = {
			isa = PBXNativeTarget;
			buildConfigurationList = 0404D2CD1886628A008F12E0 /* Build configuration list for PBXNativeTarget "ShakeAndBreak" */;
			buildPhases = (
				0404D2971886628A008F12E0 /* Sources */,
				0404D2981886628A008F12E0 /* Frameworks */,
				0404D2991886628A008F12E0 /* Resources */,
			);
			buildRules = (
			);
			dependencies = (
			);
			name = ShakeAndBreak;
			productName = ShakeAndBreak;
			productReference = 0404D29B1886628A008F12E0 /* ShakeAndBreak.app */;
			productType = "com.apple.product-type.application";
		};
		0404D2BB1886628A008F12E0 /* ShakeAndBreakTests */ = {
			isa = PBXNativeTarget;
			buildConfigurationList = 0404D2D01886628A008F12E0 /* Build configuration list for PBXNativeTarget "ShakeAndBreakTests" */;
			buildPhases = (
				0404D2B81886628A008F12E0 /* Sources */,
				0404D2B91886628A008F12E0 /* Frameworks */,
				0404D2BA1886628A008F12E0 /* Resources */,
			);
			buildRules = (
			);
			dependencies = (
				0404D2C21886628A008F12E0 /* PBXTargetDependency */,
			);
			name = ShakeAndBreakTests;
			productName = ShakeAndBreakTests;
			productReference = 0404D2BC1886628A008F12E0 /* ShakeAndBreakTests.xctest */;
			productType = "com.apple.product-type.bundle.unit-test";
		};
/* End PBXNativeTarget section */

/* Begin PBXProject section */
		0404D2931886628A008F12E0 /* Project object */ = {
			isa = PBXProject;
			attributes = {
				CLASSPREFIX = BID;
				LastUpgradeCheck = 0500;
				ORGANIZATIONNAME = Apress;
				TargetAttributes = {
					0404D2BB1886628A008F12E0 = {
						TestTargetID = 0404D29A1886628A008F12E0;
					};
				};
			};
			buildConfigurationList = 0404D2961886628A008F12E0 /* Build configuration list for PBXProject "ShakeAndBreak" */;
			compatibilityVersion = "Xcode 3.2";
			developmentRegion = English;
			hasScannedForEncodings = 0;
			knownRegions = (
				en,
				Base,
			);
			mainGroup = 0404D2921886628A008F12E0;
			productRefGroup = 0404D29C1886628A008F12E0 /* Products */;
			projectDirPath = "";
			projectRoot = "";
			targets = (
				0404D29A1886628A008F12E0 /* ShakeAndBreak */,
				0404D2BB1886628A008F12E0 /* ShakeAndBreakTests */,
			);
		};
/* End PBXProject section */

/* Begin PBXResourcesBuildPhase section */
		0404D2991886628A008F12E0 /* Resources */ = {
			isa = PBXResourcesBuildPhase;
			buildActionMask = 2147483647;
			files = (
				0404D2B71886628A008F12E0 /* Images.xcassets in Resources */,
				0404D3211887D6DF008F12E0 /* home.png in Resources */,
				0404D2A91886628A008F12E0 /* InfoPlist.strings in Resources */,
				0404D3221887D6DF008F12E0 /* homebroken.png in Resources */,
				0404D2B21886628A008F12E0 /* Main.storyboard in Resources */,
				0404D2D6188663BA008F12E0 /* glass.wav in Resources */,
			);
			runOnlyForDeploymentPostprocessing = 0;
		};
		0404D2BA1886628A008F12E0 /* Resources */ = {
			isa = PBXResourcesBuildPhase;
			buildActionMask = 2147483647;
			files = (
				0404D2C81886628A008F12E0 /* InfoPlist.strings in Resources */,
			);
			runOnlyForDeploymentPostprocessing = 0;
		};
/* End PBXResourcesBuildPhase section */

/* Begin PBXSourcesBuildPhase section */
		0404D2971886628A008F12E0 /* Sources */ = {
			isa = PBXSourcesBuildPhase;
			buildActionMask = 2147483647;
			files = (
				0404D2AF1886628A008F12E0 /* BIDAppDelegate.m in Sources */,
				0404D2B51886628A008F12E0 /* BIDViewController.m in Sources */,
				0404D2AB1886628A008F12E0 /* main.m in Sources */,
			);
			runOnlyForDeploymentPostprocessing = 0;
		};
		0404D2B81886628A008F12E0 /* Sources */ = {
			isa = PBXSourcesBuildPhase;
			buildActionMask = 2147483647;
			files = (
				0404D2CA1886628A008F12E0 /* ShakeAndBreakTests.m in Sources */,
			);
			runOnlyForDeploymentPostprocessing = 0;
		};
/* End PBXSourcesBuildPhase section */

/* Begin PBXTargetDependency section */
		0404D2C21886628A008F12E0 /* PBXTargetDependency */ = {
			isa = PBXTargetDependency;
			target = 0404D29A1886628A008F12E0 /* ShakeAndBreak */;
			targetProxy = 0404D2C11886628A008F12E0 /* PBXContainerItemProxy */;
		};
/* End PBXTargetDependency section */

/* Begin PBXVariantGroup section */
		0404D2A71886628A008F12E0 /* InfoPlist.strings */ = {
			isa = PBXVariantGroup;
			children = (
				0404D2A81886628A008F12E0 /* en */,
			);
			name = InfoPlist.strings;
			sourceTree = "<group>";
		};
		0404D2B01886628A008F12E0 /* Main.storyboard */ = {
			isa = PBXVariantGroup;
			children = (
				0404D2B11886628A008F12E0 /* Base */,
			);
			name = Main.storyboard;
			sourceTree = "<group>";
		};
		0404D2C61886628A008F12E0 /* InfoPlist.strings */ = {
			isa = PBXVariantGroup;
			children = (
				0404D2C71886628A008F12E0 /* en */,
			);
			name = InfoPlist.strings;
			sourceTree = "<group>";
		};
/* End PBXVariantGroup section */

/* Begin XCBuildConfiguration section */
		0404D2CB1886628A008F12E0 /* Debug */ = {
			isa = XCBuildConfiguration;
			buildSettings = {
				ALWAYS_SEARCH_USER_PATHS = NO;
				ARCHS = "$(ARCHS_STANDARD_INCLUDING_64_BIT)";
				CLANG_CXX_LANGUAGE_STANDARD = "gnu++0x";
				CLANG_CXX_LIBRARY = "libc++";
				CLANG_ENABLE_MODULES = YES;
				CLANG_ENABLE_OBJC_ARC = YES;
				CLANG_WARN_BOOL_CONVERSION = YES;
				CLANG_WARN_CONSTANT_CONVERSION = YES;
				CLANG_WARN_DIRECT_OBJC_ISA_USAGE = YES_ERROR;
				CLANG_WARN_EMPTY_BODY = YES;
				CLANG_WARN_ENUM_CONVERSION = YES;
				CLANG_WARN_INT_CONVERSION = YES;
				CLANG_WARN_OBJC_ROOT_CLASS = YES_ERROR;
				CLANG_WARN__DUPLICATE_METHOD_MATCH = YES;
				"CODE_SIGN_IDENTITY[sdk=iphoneos*]" = "iPhone Developer";
				COPY_PHASE_STRIP = NO;
				GCC_C_LANGUAGE_STANDARD = gnu99;
				GCC_DYNAMIC_NO_PIC = NO;
				GCC_OPTIMIZATION_LEVEL = 0;
				GCC_PREPROCESSOR_DEFINITIONS = (
					"DEBUG=1",
					"$(inherited)",
				);
				GCC_SYMBOLS_PRIVATE_EXTERN = NO;
				GCC_WARN_64_TO_32_BIT_CONVERSION = YES;
				GCC_WARN_ABOUT_RETURN_TYPE = YES_ERROR;
				GCC_WARN_UNDECLARED_SELECTOR = YES;
				GCC_WARN_UNINITIALIZED_AUTOS = YES;
				GCC_WARN_UNUSED_FUNCTION = YES;
				GCC_WARN_UNUSED_VARIABLE = YES;
				IPHONEOS_DEPLOYMENT_TARGET = 7.0;
				ONLY_ACTIVE_ARCH = YES;
				SDKROOT = iphoneos;
			};
			name = Debug;
		};
		0404D2CC1886628A008F12E0 /* Release */ = {
			isa = XCBuildConfiguration;
			buildSettings = {
				ALWAYS_SEARCH_USER_PATHS = NO;
				ARCHS = "$(ARCHS_STANDARD_INCLUDING_64_BIT)";
				CLANG_CXX_LANGUAGE_STANDARD = "gnu++0x";
				CLANG_CXX_LIBRARY = "libc++";
				CLANG_ENABLE_MODULES = YES;
				CLANG_ENABLE_OBJC_ARC = YES;
				CLANG_WARN_BOOL_CONVERSION = YES;
				CLANG_WARN_CONSTANT_CONVERSION = YES;
				CLANG_WARN_DIRECT_OBJC_ISA_USAGE = YES_ERROR;
				CLANG_WARN_EMPTY_BODY = YES;
				CLANG_WARN_ENUM_CONVERSION = YES;
				CLANG_WARN_INT_CONVERSION = YES;
				CLANG_WARN_OBJC_ROOT_CLASS = YES_ERROR;
				CLANG_WARN__DUPLICATE_METHOD_MATCH = YES;
				"CODE_SIGN_IDENTITY[sdk=iphoneos*]" = "iPhone Developer";
				COPY_PHASE_STRIP = YES;
				ENABLE_NS_ASSERTIONS = NO;
				GCC_C_LANGUAGE_STANDARD = gnu99;
				GCC_WARN_64_TO_32_BIT_CONVERSION = YES;
				GCC_WARN_ABOUT_RETURN_TYPE = YES_ERROR;
				GCC_WARN_UNDECLARED_SELECTOR = YES;
				GCC_WARN_UNINITIALIZED_AUTOS = YES;
				GCC_WARN_UNUSED_FUNCTION = YES;
				GCC_WARN_UNUSED_VARIABLE = YES;
				IPHONEOS_DEPLOYMENT_TARGET = 7.0;
				SDKROOT = iphoneos;
				VALIDATE_PRODUCT = YES;
			};
			name = Release;
		};
		0404D2CE1886628A008F12E0 /* Debug */ = {
			isa = XCBuildConfiguration;
			buildSettings = {
				ASSETCATALOG_COMPILER_APPICON_NAME = AppIcon;
				ASSETCATALOG_COMPILER_LAUNCHIMAGE_NAME = LaunchImage;
				GCC_PRECOMPILE_PREFIX_HEADER = YES;
				GCC_PREFIX_HEADER = "ShakeAndBreak/ShakeAndBreak-Prefix.pch";
				INFOPLIST_FILE = "ShakeAndBreak/ShakeAndBreak-Info.plist";
				PRODUCT_NAME = "$(TARGET_NAME)";
				WRAPPER_EXTENSION = app;
			};
			name = Debug;
		};
		0404D2CF1886628A008F12E0 /* Release */ = {
			isa = XCBuildConfiguration;
			buildSettings = {
				ASSETCATALOG_COMPILER_APPICON_NAME = AppIcon;
				ASSETCATALOG_COMPILER_LAUNCHIMAGE_NAME = LaunchImage;
				GCC_PRECOMPILE_PREFIX_HEADER = YES;
				GCC_PREFIX_HEADER = "ShakeAndBreak/ShakeAndBreak-Prefix.pch";
				INFOPLIST_FILE = "ShakeAndBreak/ShakeAndBreak-Info.plist";
				PRODUCT_NAME = "$(TARGET_NAME)";
				WRAPPER_EXTENSION = app;
			};
			name = Release;
		};
		0404D2D11886628A008F12E0 /* Debug */ = {
			isa = XCBuildConfiguration;
			buildSettings = {
				ARCHS = "$(ARCHS_STANDARD_INCLUDING_64_BIT)";
				BUNDLE_LOADER = "$(BUILT_PRODUCTS_DIR)/ShakeAndBreak.app/ShakeAndBreak";
				FRAMEWORK_SEARCH_PATHS = (
					"$(SDKROOT)/Developer/Library/Frameworks",
					"$(inherited)",
					"$(DEVELOPER_FRAMEWORKS_DIR)",
				);
				GCC_PRECOMPILE_PREFIX_HEADER = YES;
				GCC_PREFIX_HEADER = "ShakeAndBreak/ShakeAndBreak-Prefix.pch";
				GCC_PREPROCESSOR_DEFINITIONS = (
					"DEBUG=1",
					"$(inherited)",
				);
				INFOPLIST_FILE = "ShakeAndBreakTests/ShakeAndBreakTests-Info.plist";
				PRODUCT_NAME = "$(TARGET_NAME)";
				TEST_HOST = "$(BUNDLE_LOADER)";
				WRAPPER_EXTENSION = xctest;
			};
			name = Debug;
		};
		0404D2D21886628A008F12E0 /* Release */ = {
			isa = XCBuildConfiguration;
			buildSettings = {
				ARCHS = "$(ARCHS_STANDARD_INCLUDING_64_BIT)";
				BUNDLE_LOADER = "$(BUILT_PRODUCTS_DIR)/ShakeAndBreak.app/ShakeAndBreak";
				FRAMEWORK_SEARCH_PATHS = (
					"$(SDKROOT)/Developer/Library/Frameworks",
					"$(inherited)",
					"$(DEVELOPER_FRAMEWORKS_DIR)",
				);
				GCC_PRECOMPILE_PREFIX_HEADER = YES;
				GCC_PREFIX_HEADER = "ShakeAndBreak/ShakeAndBreak-Prefix.pch";
				INFOPLIST_FILE = "ShakeAndBreakTests/ShakeAndBreakTests-Info.plist";
				PRODUCT_NAME = "$(TARGET_NAME)";
				TEST_HOST = "$(BUNDLE_LOADER)";
				WRAPPER_EXTENSION = xctest;
			};
			name = Release;
		};
/* End XCBuildConfiguration section */

/* Begin XCConfigurationList section */
		0404D2961886628A008F12E0 /* Build configuration list for PBXProject "ShakeAndBreak" */ = {
			isa = XCConfigurationList;
			buildConfigurations = (
				0404D2CB1886628A008F12E0 /* Debug */,
				0404D2CC1886628A008F12E0 /* Release */,
			);
			defaultConfigurationIsVisible = 0;
			defaultConfigurationName = Release;
		};
		0404D2CD1886628A008F12E0 /* Build configuration list for PBXNativeTarget "ShakeAndBreak" */ = {
			isa = XCConfigurationList;
			buildConfigurations = (
				0404D2CE1886628A008F12E0 /* Debug */,
				0404D2CF1886628A008F12E0 /* Release */,
			);
			defaultConfigurationIsVisible = 0;
			defaultConfigurationName = Release;
		};
		0404D2D01886628A008F12E0 /* Build configuration list for PBXNativeTarget "ShakeAndBreakTests" */ = {
			isa = XCConfigurationList;
			buildConfigurations = (
				0404D2D11886628A008F12E0 /* Debug */,
				0404D2D21886628A008F12E0 /* Release */,
			);
			defaultConfigurationIsVisible = 0;
			defaultConfigurationName = Release;
		};
/* End XCConfigurationList section */
	};
	rootObject = 0404D2931886628A008F12E0 /* Project object */;
}
