// !$*UTF8*$!
{
	archiveVersion = 1;
	classes = {
	};
	objectVersion = 46;
	objects = {

/* Begin PBXBuildFile section */
		04684F671848CCFB003405EE /* Foundation.framework in Frameworks */ = {isa = PBXBuildFile; fileRef = 04684F661848CCFB003405EE /* Foundation.framework */; };
		04684F691848CCFB003405EE /* CoreGraphics.framework in Frameworks */ = {isa = PBXBuildFile; fileRef = 04684F681848CCFB003405EE /* CoreGraphics.framework */; };
		04684F6B1848CCFB003405EE /* UIKit.framework in Frameworks */ = {isa = PBXBuildFile; fileRef = 04684F6A1848CCFB003405EE /* UIKit.framework */; };
		04684F711848CCFB003405EE /* InfoPlist.strings in Resources */ = {isa = PBXBuildFile; fileRef = 04684F6F1848CCFB003405EE /* InfoPlist.strings */; };
		04684F731848CCFB003405EE /* main.m in Sources */ = {isa = PBXBuildFile; fileRef = 04684F721848CCFB003405EE /* main.m */; };
		04684F771848CCFB003405EE /* BIDAppDelegate.m in Sources */ = {isa = PBXBuildFile; fileRef = 04684F761848CCFB003405EE /* BIDAppDelegate.m */; };
		04684F7A1848CCFB003405EE /* Main.storyboard in Resources */ = {isa = PBXBuildFile; fileRef = 04684F781848CCFB003405EE /* Main.storyboard */; };
		04684F7D1848CCFB003405EE /* BIDViewController.m in Sources */ = {isa = PBXBuildFile; fileRef = 04684F7C1848CCFB003405EE /* BIDViewController.m */; };
		04684F861848CCFB003405EE /* XCTest.framework in Frameworks */ = {isa = PBXBuildFile; fileRef = 04684F851848CCFB003405EE /* XCTest.framework */; };
		04684F871848CCFB003405EE /* Foundation.framework in Frameworks */ = {isa = PBXBuildFile; fileRef = 04684F661848CCFB003405EE /* Foundation.framework */; };
		04684F881848CCFB003405EE /* UIKit.framework in Frameworks */ = {isa = PBXBuildFile; fileRef = 04684F6A1848CCFB003405EE /* UIKit.framework */; };
		04684F901848CCFB003405EE /* InfoPlist.strings in Resources */ = {isa = PBXBuildFile; fileRef = 04684F8E1848CCFB003405EE /* InfoPlist.strings */; };
		04684F921848CCFB003405EE /* QuartzFunTests.m in Sources */ = {isa = PBXBuildFile; fileRef = 04684F911848CCFB003405EE /* QuartzFunTests.m */; };
		04684F9D1848CD2E003405EE /* BIDQuartzFunView.m in Sources */ = {isa = PBXBuildFile; fileRef = 04684F9C1848CD2E003405EE /* BIDQuartzFunView.m */; };
		04684FA11848CF9A003405EE /* UIColor+BIDRandom.m in Sources */ = {isa = PBXBuildFile; fileRef = 04684FA01848CF9A003405EE /* UIColor+BIDRandom.m */; };
		04684FA31848E6B4003405EE /* Images.xcassets in Resources */ = {isa = PBXBuildFile; fileRef = 04684FA21848E6B4003405EE /* Images.xcassets */; };
/* End PBXBuildFile section */

/* Begin PBXContainerItemProxy section */
		04684F891848CCFB003405EE /* PBXContainerItemProxy */ = {
			isa = PBXContainerItemProxy;
			containerPortal = 04684F5B1848CCFB003405EE /* Project object */;
			proxyType = 1;
			remoteGlobalIDString = 04684F621848CCFB003405EE;
			remoteInfo = QuartzFun;
		};
/* End PBXContainerItemProxy section */

/* Begin PBXFileReference section */
		04684F631848CCFB003405EE /* QuartzFun.app */ = {isa = PBXFileReference; explicitFileType = wrapper.application; includeInIndex = 0; path = QuartzFun.app; sourceTree = BUILT_PRODUCTS_DIR; };
		04684F661848CCFB003405EE /* Foundation.framework */ = {isa = PBXFileReference; lastKnownFileType = wrapper.framework; name = Foundation.framework; path = System/Library/Frameworks/Foundation.framework; sourceTree = SDKROOT; };
		04684F681848CCFB003405EE /* CoreGraphics.framework */ = {isa = PBXFileReference; lastKnownFileType = wrapper.framework; name = CoreGraphics.framework; path = System/Library/Frameworks/CoreGraphics.framework; sourceTree = SDKROOT; };
		04684F6A1848CCFB003405EE /* UIKit.framework */ = {isa = PBXFileReference; lastKnownFileType = wrapper.framework; name = UIKit.framework; path = System/Library/Frameworks/UIKit.framework; sourceTree = SDKROOT; };
		04684F6E1848CCFB003405EE /* QuartzFun-Info.plist */ = {isa = PBXFileReference; lastKnownFileType = text.plist.xml; path = "QuartzFun-Info.plist"; sourceTree = "<group>"; };
		04684F701848CCFB003405EE /* en */ = {isa = PBXFileReference; lastKnownFileType = text.plist.strings; name = en; path = en.lproj/InfoPlist.strings; sourceTree = "<group>"; };
		04684F721848CCFB003405EE /* main.m */ = {isa = PBXFileReference; lastKnownFileType = sourcecode.c.objc; path = main.m; sourceTree = "<group>"; };
		04684F741848CCFB003405EE /* QuartzFun-Prefix.pch */ = {isa = PBXFileReference; lastKnownFileType = sourcecode.c.h; path = "QuartzFun-Prefix.pch"; sourceTree = "<group>"; };
		04684F751848CCFB003405EE /* BIDAppDelegate.h */ = {isa = PBXFileReference; lastKnownFileType = sourcecode.c.h; path = BIDAppDelegate.h; sourceTree = "<group>"; };
		04684F761848CCFB003405EE /* BIDAppDelegate.m */ = {isa = PBXFileReference; lastKnownFileType = sourcecode.c.objc; path = BIDAppDelegate.m; sourceTree = "<group>"; };
		04684F791848CCFB003405EE /* Base */ = {isa = PBXFileReference; lastKnownFileType = file.storyboard; name = Base; path = Base.lproj/Main.storyboard; sourceTree = "<group>"; };
		04684F7B1848CCFB003405EE /* BIDViewController.h */ = {isa = PBXFileReference; lastKnownFileType = sourcecode.c.h; path = BIDViewController.h; sourceTree = "<group>"; };
		04684F7C1848CCFB003405EE /* BIDViewController.m */ = {isa = PBXFileReference; lastKnownFileType = sourcecode.c.objc; path = BIDViewController.m; sourceTree = "<group>"; };
		04684F841848CCFB003405EE /* QuartzFunTests.xctest */ = {isa = PBXFileReference; explicitFileType = wrapper.cfbundle; includeInIndex = 0; path = QuartzFunTests.xctest; sourceTree = BUILT_PRODUCTS_DIR; };
		04684F851848CCFB003405EE /* XCTest.framework */ = {isa = PBXFileReference; lastKnownFileType = wrapper.framework; name = XCTest.framework; path = Library/Frameworks/XCTest.framework; sourceTree = DEVELOPER_DIR; };
		04684F8D1848CCFB003405EE /* QuartzFunTests-Info.plist */ = {isa = PBXFileReference; lastKnownFileType = text.plist.xml; path = "QuartzFunTests-Info.plist"; sourceTree = "<group>"; };
		04684F8F1848CCFB003405EE /* en */ = {isa = PBXFileReference; lastKnownFileType = text.plist.strings; name = en; path = en.lproj/InfoPlist.strings; sourceTree = "<group>"; };
		04684F911848CCFB003405EE /* QuartzFunTests.m */ = {isa = PBXFileReference; lastKnownFileType = sourcecode.c.objc; path = QuartzFunTests.m; sourceTree = "<group>"; };
		04684F9B1848CD2E003405EE /* BIDQuartzFunView.h */ = {isa = PBXFileReference; fileEncoding = 4; lastKnownFileType = sourcecode.c.h; path = BIDQuartzFunView.h; sourceTree = "<group>"; };
		04684F9C1848CD2E003405EE /* BIDQuartzFunView.m */ = {isa = PBXFileReference; fileEncoding = 4; lastKnownFileType = sourcecode.c.objc; path = BIDQuartzFunView.m; sourceTree = "<group>"; };
		04684F9E1848CD4A003405EE /* BIDConstants.h */ = {isa = PBXFileReference; lastKnownFileType = sourcecode.c.h; path = BIDConstants.h; sourceTree = "<group>"; };
		04684F9F1848CF9A003405EE /* UIColor+BIDRandom.h */ = {isa = PBXFileReference; fileEncoding = 4; lastKnownFileType = sourcecode.c.h; path = "UIColor+BIDRandom.h"; sourceTree = "<group>"; };
		04684FA01848CF9A003405EE /* UIColor+BIDRandom.m */ = {isa = PBXFileReference; fileEncoding = 4; lastKnownFileType = sourcecode.c.objc; path = "UIColor+BIDRandom.m"; sourceTree = "<group>"; };
		04684FA21848E6B4003405EE /* Images.xcassets */ = {isa = PBXFileReference; lastKnownFileType = folder.assetcatalog; path = Images.xcassets; sourceTree = "<group>"; };
/* End PBXFileReference section */

/* Begin PBXFrameworksBuildPhase section */
		04684F601848CCFB003405EE /* Frameworks */ = {
			isa = PBXFrameworksBuildPhase;
			buildActionMask = 2147483647;
			files = (
				04684F691848CCFB003405EE /* CoreGraphics.framework in Frameworks */,
				04684F6B1848CCFB003405EE /* UIKit.framework in Frameworks */,
				04684F671848CCFB003405EE /* Foundation.framework in Frameworks */,
			);
			runOnlyForDeploymentPostprocessing = 0;
		};
		04684F811848CCFB003405EE /* Frameworks */ = {
			isa = PBXFrameworksBuildPhase;
			buildActionMask = 2147483647;
			files = (
				04684F861848CCFB003405EE /* XCTest.framework in Frameworks */,
				04684F881848CCFB003405EE /* UIKit.framework in Frameworks */,
				04684F871848CCFB003405EE /* Foundation.framework in Frameworks */,
			);
			runOnlyForDeploymentPostprocessing = 0;
		};
/* End PBXFrameworksBuildPhase section */

/* Begin PBXGroup section */
		04684F5A1848CCFB003405EE = {
			isa = PBXGroup;
			children = (
				04684F6C1848CCFB003405EE /* QuartzFun */,
				04684F8B1848CCFB003405EE /* QuartzFunTests */,
				04684F651848CCFB003405EE /* Frameworks */,
				04684F641848CCFB003405EE /* Products */,
			);
			sourceTree = "<group>";
		};
		04684F641848CCFB003405EE /* Products */ = {
			isa = PBXGroup;
			children = (
				04684F631848CCFB003405EE /* QuartzFun.app */,
				04684F841848CCFB003405EE /* QuartzFunTests.xctest */,
			);
			name = Products;
			sourceTree = "<group>";
		};
		04684F651848CCFB003405EE /* Frameworks */ = {
			isa = PBXGroup;
			children = (
				04684F661848CCFB003405EE /* Foundation.framework */,
				04684F681848CCFB003405EE /* CoreGraphics.framework */,
				04684F6A1848CCFB003405EE /* UIKit.framework */,
				04684F851848CCFB003405EE /* XCTest.framework */,
			);
			name = Frameworks;
			sourceTree = "<group>";
		};
		04684F6C1848CCFB003405EE /* QuartzFun */ = {
			isa = PBXGroup;
			children = (
				04684F751848CCFB003405EE /* BIDAppDelegate.h */,
				04684F761848CCFB003405EE /* BIDAppDelegate.m */,
				04684F781848CCFB003405EE /* Main.storyboard */,
				04684F7B1848CCFB003405EE /* BIDViewController.h */,
				04684F7C1848CCFB003405EE /* BIDViewController.m */,
				04684F6D1848CCFB003405EE /* Supporting Files */,
				04684F9B1848CD2E003405EE /* BIDQuartzFunView.h */,
				04684F9C1848CD2E003405EE /* BIDQuartzFunView.m */,
				04684F9E1848CD4A003405EE /* BIDConstants.h */,
				04684F9F1848CF9A003405EE /* UIColor+BIDRandom.h */,
				04684FA01848CF9A003405EE /* UIColor+BIDRandom.m */,
				04684FA21848E6B4003405EE /* Images.xcassets */,
			);
			path = QuartzFun;
			sourceTree = "<group>";
		};
		04684F6D1848CCFB003405EE /* Supporting Files */ = {
			isa = PBXGroup;
			children = (
				04684F6E1848CCFB003405EE /* QuartzFun-Info.plist */,
				04684F6F1848CCFB003405EE /* InfoPlist.strings */,
				04684F721848CCFB003405EE /* main.m */,
				04684F741848CCFB003405EE /* QuartzFun-Prefix.pch */,
			);
			name = "Supporting Files";
			sourceTree = "<group>";
		};
		04684F8B1848CCFB003405EE /* QuartzFunTests */ = {
			isa = PBXGroup;
			children = (
				04684F911848CCFB003405EE /* QuartzFunTests.m */,
				04684F8C1848CCFB003405EE /* Supporting Files */,
			);
			path = QuartzFunTests;
			sourceTree = "<group>";
		};
		04684F8C1848CCFB003405EE /* Supporting Files */ = {
			isa = PBXGroup;
			children = (
				04684F8D1848CCFB003405EE /* QuartzFunTests-Info.plist */,
				04684F8E1848CCFB003405EE /* InfoPlist.strings */,
			);
			name = "Supporting Files";
			sourceTree = "<group>";
		};
/* End PBXGroup section */

/* Begin PBXNativeTarget section */
		04684F621848CCFB003405EE /* QuartzFun */ = {
			isa = PBXNativeTarget;
			buildConfigurationList = 04684F951848CCFB003405EE /* Build configuration list for PBXNativeTarget "QuartzFun" */;
			buildPhases = (
				04684F5F1848CCFB003405EE /* Sources */,
				04684F601848CCFB003405EE /* Frameworks */,
				04684F611848CCFB003405EE /* Resources */,
			);
			buildRules = (
			);
			dependencies = (
			);
			name = QuartzFun;
			productName = QuartzFun;
			productReference = 04684F631848CCFB003405EE /* QuartzFun.app */;
			productType = "com.apple.product-type.application";
		};
		04684F831848CCFB003405EE /* QuartzFunTests */ = {
			isa = PBXNativeTarget;
			buildConfigurationList = 04684F981848CCFB003405EE /* Build configuration list for PBXNativeTarget "QuartzFunTests" */;
			buildPhases = (
				04684F801848CCFB003405EE /* Sources */,
				04684F811848CCFB003405EE /* Frameworks */,
				04684F821848CCFB003405EE /* Resources */,
			);
			buildRules = (
			);
			dependencies = (
				04684F8A1848CCFB003405EE /* PBXTargetDependency */,
			);
			name = QuartzFunTests;
			productName = QuartzFunTests;
			productReference = 04684F841848CCFB003405EE /* QuartzFunTests.xctest */;
			productType = "com.apple.product-type.bundle.unit-test";
		};
/* End PBXNativeTarget section */

/* Begin PBXProject section */
		04684F5B1848CCFB003405EE /* Project object */ = {
			isa = PBXProject;
			attributes = {
				CLASSPREFIX = BID;
				LastUpgradeCheck = 0500;
				ORGANIZATIONNAME = Apress;
				TargetAttributes = {
					04684F831848CCFB003405EE = {
						TestTargetID = 04684F621848CCFB003405EE;
					};
				};
			};
			buildConfigurationList = 04684F5E1848CCFB003405EE /* Build configuration list for PBXProject "QuartzFun" */;
			compatibilityVersion = "Xcode 3.2";
			developmentRegion = English;
			hasScannedForEncodings = 0;
			knownRegions = (
				en,
				Base,
			);
			mainGroup = 04684F5A1848CCFB003405EE;
			productRefGroup = 04684F641848CCFB003405EE /* Products */;
			projectDirPath = "";
			projectRoot = "";
			targets = (
				04684F621848CCFB003405EE /* QuartzFun */,
				04684F831848CCFB003405EE /* QuartzFunTests */,
			);
		};
/* End PBXProject section */

/* Begin PBXResourcesBuildPhase section */
		04684F611848CCFB003405EE /* Resources */ = {
			isa = PBXResourcesBuildPhase;
			buildActionMask = 2147483647;
			files = (
				04684FA31848E6B4003405EE /* Images.xcassets in Resources */,
				04684F711848CCFB003405EE /* InfoPlist.strings in Resources */,
				04684F7A1848CCFB003405EE /* Main.storyboard in Resources */,
			);
			runOnlyForDeploymentPostprocessing = 0;
		};
		04684F821848CCFB003405EE /* Resources */ = {
			isa = PBXResourcesBuildPhase;
			buildActionMask = 2147483647;
			files = (
				04684F901848CCFB003405EE /* InfoPlist.strings in Resources */,
			);
			runOnlyForDeploymentPostprocessing = 0;
		};
/* End PBXResourcesBuildPhase section */

/* Begin PBXSourcesBuildPhase section */
		04684F5F1848CCFB003405EE /* Sources */ = {
			isa = PBXSourcesBuildPhase;
			buildActionMask = 2147483647;
			files = (
				04684F771848CCFB003405EE /* BIDAppDelegate.m in Sources */,
				04684F7D1848CCFB003405EE /* BIDViewController.m in Sources */,
				04684F731848CCFB003405EE /* main.m in Sources */,
				04684F9D1848CD2E003405EE /* BIDQuartzFunView.m in Sources */,
				04684FA11848CF9A003405EE /* UIColor+BIDRandom.m in Sources */,
			);
			runOnlyForDeploymentPostprocessing = 0;
		};
		04684F801848CCFB003405EE /* Sources */ = {
			isa = PBXSourcesBuildPhase;
			buildActionMask = 2147483647;
			files = (
				04684F921848CCFB003405EE /* QuartzFunTests.m in Sources */,
			);
			runOnlyForDeploymentPostprocessing = 0;
		};
/* End PBXSourcesBuildPhase section */

/* Begin PBXTargetDependency section */
		04684F8A1848CCFB003405EE /* PBXTargetDependency */ = {
			isa = PBXTargetDependency;
			target = 04684F621848CCFB003405EE /* QuartzFun */;
			targetProxy = 04684F891848CCFB003405EE /* PBXContainerItemProxy */;
		};
/* End PBXTargetDependency section */

/* Begin PBXVariantGroup section */
		04684F6F1848CCFB003405EE /* InfoPlist.strings */ = {
			isa = PBXVariantGroup;
			children = (
				04684F701848CCFB003405EE /* en */,
			);
			name = InfoPlist.strings;
			sourceTree = "<group>";
		};
		04684F781848CCFB003405EE /* Main.storyboard */ = {
			isa = PBXVariantGroup;
			children = (
				04684F791848CCFB003405EE /* Base */,
			);
			name = Main.storyboard;
			sourceTree = "<group>";
		};
		04684F8E1848CCFB003405EE /* InfoPlist.strings */ = {
			isa = PBXVariantGroup;
			children = (
				04684F8F1848CCFB003405EE /* en */,
			);
			name = InfoPlist.strings;
			sourceTree = "<group>";
		};
/* End PBXVariantGroup section */

/* Begin XCBuildConfiguration section */
		04684F931848CCFB003405EE /* Debug */ = {
			isa = XCBuildConfiguration;
			buildSettings = {
				ALWAYS_SEARCH_USER_PATHS = NO;
				ARCHS = "$(ARCHS_STANDARD_INCLUDING_64_BIT)";
				CLANG_CXX_LANGUAGE_STANDARD = "gnu++0x";
				CLANG_CXX_LIBRARY = "libc++";
				CLANG_ENABLE_MODULES = YES;
				CLANG_ENABLE_OBJC_ARC = YES;
				CLANG_WARN_BOOL_CONVERSION = YES;
				CLANG_WARN_CONSTANT_CONVERSION = YES;
				CLANG_WARN_DIRECT_OBJC_ISA_USAGE = YES_ERROR;
				CLANG_WARN_EMPTY_BODY = YES;
				CLANG_WARN_ENUM_CONVERSION = YES;
				CLANG_WARN_INT_CONVERSION = YES;
				CLANG_WARN_OBJC_ROOT_CLASS = YES_ERROR;
				CLANG_WARN__DUPLICATE_METHOD_MATCH = YES;
				"CODE_SIGN_IDENTITY[sdk=iphoneos*]" = "iPhone Developer";
				COPY_PHASE_STRIP = NO;
				GCC_C_LANGUAGE_STANDARD = gnu99;
				GCC_DYNAMIC_NO_PIC = NO;
				GCC_OPTIMIZATION_LEVEL = 0;
				GCC_PREPROCESSOR_DEFINITIONS = (
					"DEBUG=1",
					"$(inherited)",
				);
				GCC_SYMBOLS_PRIVATE_EXTERN = NO;
				GCC_WARN_64_TO_32_BIT_CONVERSION = YES;
				GCC_WARN_ABOUT_RETURN_TYPE = YES_ERROR;
				GCC_WARN_UNDECLARED_SELECTOR = YES;
				GCC_WARN_UNINITIALIZED_AUTOS = YES;
				GCC_WARN_UNUSED_FUNCTION = YES;
				GCC_WARN_UNUSED_VARIABLE = YES;
				IPHONEOS_DEPLOYMENT_TARGET = 7.0;
				ONLY_ACTIVE_ARCH = YES;
				SDKROOT = iphoneos;
			};
			name = Debug;
		};
		04684F941848CCFB003405EE /* Release */ = {
			isa = XCBuildConfiguration;
			buildSettings = {
				ALWAYS_SEARCH_USER_PATHS = NO;
				ARCHS = "$(ARCHS_STANDARD_INCLUDING_64_BIT)";
				CLANG_CXX_LANGUAGE_STANDARD = "gnu++0x";
				CLANG_CXX_LIBRARY = "libc++";
				CLANG_ENABLE_MODULES = YES;
				CLANG_ENABLE_OBJC_ARC = YES;
				CLANG_WARN_BOOL_CONVERSION = YES;
				CLANG_WARN_CONSTANT_CONVERSION = YES;
				CLANG_WARN_DIRECT_OBJC_ISA_USAGE = YES_ERROR;
				CLANG_WARN_EMPTY_BODY = YES;
				CLANG_WARN_ENUM_CONVERSION = YES;
				CLANG_WARN_INT_CONVERSION = YES;
				CLANG_WARN_OBJC_ROOT_CLASS = YES_ERROR;
				CLANG_WARN__DUPLICATE_METHOD_MATCH = YES;
				"CODE_SIGN_IDENTITY[sdk=iphoneos*]" = "iPhone Developer";
				COPY_PHASE_STRIP = YES;
				ENABLE_NS_ASSERTIONS = NO;
				GCC_C_LANGUAGE_STANDARD = gnu99;
				GCC_WARN_64_TO_32_BIT_CONVERSION = YES;
				GCC_WARN_ABOUT_RETURN_TYPE = YES_ERROR;
				GCC_WARN_UNDECLARED_SELECTOR = YES;
				GCC_WARN_UNINITIALIZED_AUTOS = YES;
				GCC_WARN_UNUSED_FUNCTION = YES;
				GCC_WARN_UNUSED_VARIABLE = YES;
				IPHONEOS_DEPLOYMENT_TARGET = 7.0;
				SDKROOT = iphoneos;
				VALIDATE_PRODUCT = YES;
			};
			name = Release;
		};
		04684F961848CCFB003405EE /* Debug */ = {
			isa = XCBuildConfiguration;
			buildSettings = {
				ASSETCATALOG_COMPILER_APPICON_NAME = AppIcon;
				ASSETCATALOG_COMPILER_LAUNCHIMAGE_NAME = LaunchImage;
				GCC_PRECOMPILE_PREFIX_HEADER = YES;
				GCC_PREFIX_HEADER = "QuartzFun/QuartzFun-Prefix.pch";
				INFOPLIST_FILE = "QuartzFun/QuartzFun-Info.plist";
				PRODUCT_NAME = "$(TARGET_NAME)";
				WRAPPER_EXTENSION = app;
			};
			name = Debug;
		};
		04684F971848CCFB003405EE /* Release */ = {
			isa = XCBuildConfiguration;
			buildSettings = {
				ASSETCATALOG_COMPILER_APPICON_NAME = AppIcon;
				ASSETCATALOG_COMPILER_LAUNCHIMAGE_NAME = LaunchImage;
				GCC_PRECOMPILE_PREFIX_HEADER = YES;
				GCC_PREFIX_HEADER = "QuartzFun/QuartzFun-Prefix.pch";
				INFOPLIST_FILE = "QuartzFun/QuartzFun-Info.plist";
				PRODUCT_NAME = "$(TARGET_NAME)";
				WRAPPER_EXTENSION = app;
			};
			name = Release;
		};
		04684F991848CCFB003405EE /* Debug */ = {
			isa = XCBuildConfiguration;
			buildSettings = {
				ARCHS = "$(ARCHS_STANDARD_INCLUDING_64_BIT)";
				BUNDLE_LOADER = "$(BUILT_PRODUCTS_DIR)/QuartzFun.app/QuartzFun";
				FRAMEWORK_SEARCH_PATHS = (
					"$(SDKROOT)/Developer/Library/Frameworks",
					"$(inherited)",
					"$(DEVELOPER_FRAMEWORKS_DIR)",
				);
				GCC_PRECOMPILE_PREFIX_HEADER = YES;
				GCC_PREFIX_HEADER = "QuartzFun/QuartzFun-Prefix.pch";
				GCC_PREPROCESSOR_DEFINITIONS = (
					"DEBUG=1",
					"$(inherited)",
				);
				INFOPLIST_FILE = "QuartzFunTests/QuartzFunTests-Info.plist";
				PRODUCT_NAME = "$(TARGET_NAME)";
				TEST_HOST = "$(BUNDLE_LOADER)";
				WRAPPER_EXTENSION = xctest;
			};
			name = Debug;
		};
		04684F9A1848CCFB003405EE /* Release */ = {
			isa = XCBuildConfiguration;
			buildSettings = {
				ARCHS = "$(ARCHS_STANDARD_INCLUDING_64_BIT)";
				BUNDLE_LOADER = "$(BUILT_PRODUCTS_DIR)/QuartzFun.app/QuartzFun";
				FRAMEWORK_SEARCH_PATHS = (
					"$(SDKROOT)/Developer/Library/Frameworks",
					"$(inherited)",
					"$(DEVELOPER_FRAMEWORKS_DIR)",
				);
				GCC_PRECOMPILE_PREFIX_HEADER = YES;
				GCC_PREFIX_HEADER = "QuartzFun/QuartzFun-Prefix.pch";
				INFOPLIST_FILE = "QuartzFunTests/QuartzFunTests-Info.plist";
				PRODUCT_NAME = "$(TARGET_NAME)";
				TEST_HOST = "$(BUNDLE_LOADER)";
				WRAPPER_EXTENSION = xctest;
			};
			name = Release;
		};
/* End XCBuildConfiguration section */

/* Begin XCConfigurationList section */
		04684F5E1848CCFB003405EE /* Build configuration list for PBXProject "QuartzFun" */ = {
			isa = XCConfigurationList;
			buildConfigurations = (
				04684F931848CCFB003405EE /* Debug */,
				04684F941848CCFB003405EE /* Release */,
			);
			defaultConfigurationIsVisible = 0;
			defaultConfigurationName = Release;
		};
		04684F951848CCFB003405EE /* Build configuration list for PBXNativeTarget "QuartzFun" */ = {
			isa = XCConfigurationList;
			buildConfigurations = (
				04684F961848CCFB003405EE /* Debug */,
				04684F971848CCFB003405EE /* Release */,
			);
			defaultConfigurationIsVisible = 0;
		};
		04684F981848CCFB003405EE /* Build configuration list for PBXNativeTarget "QuartzFunTests" */ = {
			isa = XCConfigurationList;
			buildConfigurations = (
				04684F991848CCFB003405EE /* Debug */,
				04684F9A1848CCFB003405EE /* Release */,
			);
			defaultConfigurationIsVisible = 0;
		};
/* End XCConfigurationList section */
	};
	rootObject = 04684F5B1848CCFB003405EE /* Project object */;
}
