// !$*UTF8*$!
{
	archiveVersion = 1;
	classes = {
	};
	objectVersion = 46;
	objects = {

/* Begin PBXBuildFile section */
		043F267D189FE2D50005B321 /* Foundation.framework in Frameworks */ = {isa = PBXBuildFile; fileRef = 043F267C189FE2D50005B321 /* Foundation.framework */; };
		043F267F189FE2D50005B321 /* CoreGraphics.framework in Frameworks */ = {isa = PBXBuildFile; fileRef = 043F267E189FE2D50005B321 /* CoreGraphics.framework */; };
		043F2681189FE2D50005B321 /* UIKit.framework in Frameworks */ = {isa = PBXBuildFile; fileRef = 043F2680189FE2D50005B321 /* UIKit.framework */; };
		043F2687189FE2D50005B321 /* InfoPlist.strings in Resources */ = {isa = PBXBuildFile; fileRef = 043F2685189FE2D50005B321 /* InfoPlist.strings */; };
		043F2689189FE2D50005B321 /* main.m in Sources */ = {isa = PBXBuildFile; fileRef = 043F2688189FE2D50005B321 /* main.m */; };
		043F268D189FE2D50005B321 /* BIDAppDelegate.m in Sources */ = {isa = PBXBuildFile; fileRef = 043F268C189FE2D50005B321 /* BIDAppDelegate.m */; };
		043F268F189FE2D50005B321 /* Images.xcassets in Resources */ = {isa = PBXBuildFile; fileRef = 043F268E189FE2D50005B321 /* Images.xcassets */; };
		043F2696189FE2D50005B321 /* XCTest.framework in Frameworks */ = {isa = PBXBuildFile; fileRef = 043F2695189FE2D50005B321 /* XCTest.framework */; };
		043F2697189FE2D50005B321 /* Foundation.framework in Frameworks */ = {isa = PBXBuildFile; fileRef = 043F267C189FE2D50005B321 /* Foundation.framework */; };
		043F2698189FE2D50005B321 /* UIKit.framework in Frameworks */ = {isa = PBXBuildFile; fileRef = 043F2680189FE2D50005B321 /* UIKit.framework */; };
		043F26A0189FE2D50005B321 /* InfoPlist.strings in Resources */ = {isa = PBXBuildFile; fileRef = 043F269E189FE2D50005B321 /* InfoPlist.strings */; };
		043F26A2189FE2D50005B321 /* FontsTests.m in Sources */ = {isa = PBXBuildFile; fileRef = 043F26A1189FE2D50005B321 /* FontsTests.m */; };
		043F26AC189FE7660005B321 /* Main.storyboard in Resources */ = {isa = PBXBuildFile; fileRef = 043F26AB189FE7660005B321 /* Main.storyboard */; };
		043F26B2189FEEC00005B321 /* BIDRootViewController.m in Sources */ = {isa = PBXBuildFile; fileRef = 043F26B1189FEEC00005B321 /* BIDRootViewController.m */; };
		043F26B5189FF0670005B321 /* BIDFavoritesList.m in Sources */ = {isa = PBXBuildFile; fileRef = 043F26B4189FF0670005B321 /* BIDFavoritesList.m */; };
		0447244A18A50A980008CB3E /* BIDFontListViewController.m in Sources */ = {isa = PBXBuildFile; fileRef = 0447244918A50A980008CB3E /* BIDFontListViewController.m */; };
		0447244D18A9085F0008CB3E /* BIDFontSizesViewController.m in Sources */ = {isa = PBXBuildFile; fileRef = 0447244C18A9085F0008CB3E /* BIDFontSizesViewController.m */; };
		048971D918A91B4400F0E726 /* BIDFontInfoViewController.m in Sources */ = {isa = PBXBuildFile; fileRef = 048971D818A91B4400F0E726 /* BIDFontInfoViewController.m */; };
/* End PBXBuildFile section */

/* Begin PBXContainerItemProxy section */
		043F2699189FE2D50005B321 /* PBXContainerItemProxy */ = {
			isa = PBXContainerItemProxy;
			containerPortal = 043F2671189FE2D50005B321 /* Project object */;
			proxyType = 1;
			remoteGlobalIDString = 043F2678189FE2D50005B321;
			remoteInfo = Fonts;
		};
/* End PBXContainerItemProxy section */

/* Begin PBXFileReference section */
		043F2679189FE2D50005B321 /* Fonts.app */ = {isa = PBXFileReference; explicitFileType = wrapper.application; includeInIndex = 0; path = Fonts.app; sourceTree = BUILT_PRODUCTS_DIR; };
		043F267C189FE2D50005B321 /* Foundation.framework */ = {isa = PBXFileReference; lastKnownFileType = wrapper.framework; name = Foundation.framework; path = System/Library/Frameworks/Foundation.framework; sourceTree = SDKROOT; };
		043F267E189FE2D50005B321 /* CoreGraphics.framework */ = {isa = PBXFileReference; lastKnownFileType = wrapper.framework; name = CoreGraphics.framework; path = System/Library/Frameworks/CoreGraphics.framework; sourceTree = SDKROOT; };
		043F2680189FE2D50005B321 /* UIKit.framework */ = {isa = PBXFileReference; lastKnownFileType = wrapper.framework; name = UIKit.framework; path = System/Library/Frameworks/UIKit.framework; sourceTree = SDKROOT; };
		043F2684189FE2D50005B321 /* Fonts-Info.plist */ = {isa = PBXFileReference; lastKnownFileType = text.plist.xml; path = "Fonts-Info.plist"; sourceTree = "<group>"; };
		043F2686189FE2D50005B321 /* en */ = {isa = PBXFileReference; lastKnownFileType = text.plist.strings; name = en; path = en.lproj/InfoPlist.strings; sourceTree = "<group>"; };
		043F2688189FE2D50005B321 /* main.m */ = {isa = PBXFileReference; lastKnownFileType = sourcecode.c.objc; path = main.m; sourceTree = "<group>"; };
		043F268A189FE2D50005B321 /* Fonts-Prefix.pch */ = {isa = PBXFileReference; lastKnownFileType = sourcecode.c.h; path = "Fonts-Prefix.pch"; sourceTree = "<group>"; };
		043F268B189FE2D50005B321 /* BIDAppDelegate.h */ = {isa = PBXFileReference; lastKnownFileType = sourcecode.c.h; path = BIDAppDelegate.h; sourceTree = "<group>"; };
		043F268C189FE2D50005B321 /* BIDAppDelegate.m */ = {isa = PBXFileReference; lastKnownFileType = sourcecode.c.objc; path = BIDAppDelegate.m; sourceTree = "<group>"; };
		043F268E189FE2D50005B321 /* Images.xcassets */ = {isa = PBXFileReference; lastKnownFileType = folder.assetcatalog; path = Images.xcassets; sourceTree = "<group>"; };
		043F2694189FE2D50005B321 /* FontsTests.xctest */ = {isa = PBXFileReference; explicitFileType = wrapper.cfbundle; includeInIndex = 0; path = FontsTests.xctest; sourceTree = BUILT_PRODUCTS_DIR; };
		043F2695189FE2D50005B321 /* XCTest.framework */ = {isa = PBXFileReference; lastKnownFileType = wrapper.framework; name = XCTest.framework; path = Library/Frameworks/XCTest.framework; sourceTree = DEVELOPER_DIR; };
		043F269D189FE2D50005B321 /* FontsTests-Info.plist */ = {isa = PBXFileReference; lastKnownFileType = text.plist.xml; path = "FontsTests-Info.plist"; sourceTree = "<group>"; };
		043F269F189FE2D50005B321 /* en */ = {isa = PBXFileReference; lastKnownFileType = text.plist.strings; name = en; path = en.lproj/InfoPlist.strings; sourceTree = "<group>"; };
		043F26A1189FE2D50005B321 /* FontsTests.m */ = {isa = PBXFileReference; lastKnownFileType = sourcecode.c.objc; path = FontsTests.m; sourceTree = "<group>"; };
		043F26AB189FE7660005B321 /* Main.storyboard */ = {isa = PBXFileReference; fileEncoding = 4; lastKnownFileType = file.storyboard; path = Main.storyboard; sourceTree = "<group>"; };
		043F26B0189FEEC00005B321 /* BIDRootViewController.h */ = {isa = PBXFileReference; fileEncoding = 4; lastKnownFileType = sourcecode.c.h; path = BIDRootViewController.h; sourceTree = "<group>"; };
		043F26B1189FEEC00005B321 /* BIDRootViewController.m */ = {isa = PBXFileReference; fileEncoding = 4; lastKnownFileType = sourcecode.c.objc; path = BIDRootViewController.m; sourceTree = "<group>"; };
		043F26B3189FF0670005B321 /* BIDFavoritesList.h */ = {isa = PBXFileReference; fileEncoding = 4; lastKnownFileType = sourcecode.c.h; path = BIDFavoritesList.h; sourceTree = "<group>"; };
		043F26B4189FF0670005B321 /* BIDFavoritesList.m */ = {isa = PBXFileReference; fileEncoding = 4; lastKnownFileType = sourcecode.c.objc; path = BIDFavoritesList.m; sourceTree = "<group>"; };
		0447244818A50A980008CB3E /* BIDFontListViewController.h */ = {isa = PBXFileReference; fileEncoding = 4; lastKnownFileType = sourcecode.c.h; path = BIDFontListViewController.h; sourceTree = "<group>"; };
		0447244918A50A980008CB3E /* BIDFontListViewController.m */ = {isa = PBXFileReference; fileEncoding = 4; lastKnownFileType = sourcecode.c.objc; path = BIDFontListViewController.m; sourceTree = "<group>"; };
		0447244B18A9085F0008CB3E /* BIDFontSizesViewController.h */ = {isa = PBXFileReference; fileEncoding = 4; lastKnownFileType = sourcecode.c.h; path = BIDFontSizesViewController.h; sourceTree = "<group>"; };
		0447244C18A9085F0008CB3E /* BIDFontSizesViewController.m */ = {isa = PBXFileReference; fileEncoding = 4; lastKnownFileType = sourcecode.c.objc; path = BIDFontSizesViewController.m; sourceTree = "<group>"; };
		048971D718A91B4400F0E726 /* BIDFontInfoViewController.h */ = {isa = PBXFileReference; fileEncoding = 4; lastKnownFileType = sourcecode.c.h; path = BIDFontInfoViewController.h; sourceTree = "<group>"; };
		048971D818A91B4400F0E726 /* BIDFontInfoViewController.m */ = {isa = PBXFileReference; fileEncoding = 4; lastKnownFileType = sourcecode.c.objc; path = BIDFontInfoViewController.m; sourceTree = "<group>"; };
/* End PBXFileReference section */

/* Begin PBXFrameworksBuildPhase section */
		043F2676189FE2D50005B321 /* Frameworks */ = {
			isa = PBXFrameworksBuildPhase;
			buildActionMask = 2147483647;
			files = (
				043F267F189FE2D50005B321 /* CoreGraphics.framework in Frameworks */,
				043F2681189FE2D50005B321 /* UIKit.framework in Frameworks */,
				043F267D189FE2D50005B321 /* Foundation.framework in Frameworks */,
			);
			runOnlyForDeploymentPostprocessing = 0;
		};
		043F2691189FE2D50005B321 /* Frameworks */ = {
			isa = PBXFrameworksBuildPhase;
			buildActionMask = 2147483647;
			files = (
				043F2696189FE2D50005B321 /* XCTest.framework in Frameworks */,
				043F2698189FE2D50005B321 /* UIKit.framework in Frameworks */,
				043F2697189FE2D50005B321 /* Foundation.framework in Frameworks */,
			);
			runOnlyForDeploymentPostprocessing = 0;
		};
/* End PBXFrameworksBuildPhase section */

/* Begin PBXGroup section */
		043F2670189FE2D50005B321 = {
			isa = PBXGroup;
			children = (
				043F26AB189FE7660005B321 /* Main.storyboard */,
				043F2682189FE2D50005B321 /* Fonts */,
				043F269B189FE2D50005B321 /* FontsTests */,
				043F267B189FE2D50005B321 /* Frameworks */,
				043F267A189FE2D50005B321 /* Products */,
			);
			sourceTree = "<group>";
		};
		043F267A189FE2D50005B321 /* Products */ = {
			isa = PBXGroup;
			children = (
				043F2679189FE2D50005B321 /* Fonts.app */,
				043F2694189FE2D50005B321 /* FontsTests.xctest */,
			);
			name = Products;
			sourceTree = "<group>";
		};
		043F267B189FE2D50005B321 /* Frameworks */ = {
			isa = PBXGroup;
			children = (
				043F267C189FE2D50005B321 /* Foundation.framework */,
				043F267E189FE2D50005B321 /* CoreGraphics.framework */,
				043F2680189FE2D50005B321 /* UIKit.framework */,
				043F2695189FE2D50005B321 /* XCTest.framework */,
			);
			name = Frameworks;
			sourceTree = "<group>";
		};
		043F2682189FE2D50005B321 /* Fonts */ = {
			isa = PBXGroup;
			children = (
				043F268B189FE2D50005B321 /* BIDAppDelegate.h */,
				043F268C189FE2D50005B321 /* BIDAppDelegate.m */,
				043F268E189FE2D50005B321 /* Images.xcassets */,
				043F2683189FE2D50005B321 /* Supporting Files */,
				043F26B3189FF0670005B321 /* BIDFavoritesList.h */,
				043F26B4189FF0670005B321 /* BIDFavoritesList.m */,
				043F26B0189FEEC00005B321 /* BIDRootViewController.h */,
				043F26B1189FEEC00005B321 /* BIDRootViewController.m */,
				0447244818A50A980008CB3E /* BIDFontListViewController.h */,
				0447244918A50A980008CB3E /* BIDFontListViewController.m */,
				0447244B18A9085F0008CB3E /* BIDFontSizesViewController.h */,
				0447244C18A9085F0008CB3E /* BIDFontSizesViewController.m */,
				048971D718A91B4400F0E726 /* BIDFontInfoViewController.h */,
				048971D818A91B4400F0E726 /* BIDFontInfoViewController.m */,
			);
			path = Fonts;
			sourceTree = "<group>";
		};
		043F2683189FE2D50005B321 /* Supporting Files */ = {
			isa = PBXGroup;
			children = (
				043F2684189FE2D50005B321 /* Fonts-Info.plist */,
				043F2685189FE2D50005B321 /* InfoPlist.strings */,
				043F2688189FE2D50005B321 /* main.m */,
				043F268A189FE2D50005B321 /* Fonts-Prefix.pch */,
			);
			name = "Supporting Files";
			sourceTree = "<group>";
		};
		043F269B189FE2D50005B321 /* FontsTests */ = {
			isa = PBXGroup;
			children = (
				043F26A1189FE2D50005B321 /* FontsTests.m */,
				043F269C189FE2D50005B321 /* Supporting Files */,
			);
			path = FontsTests;
			sourceTree = "<group>";
		};
		043F269C189FE2D50005B321 /* Supporting Files */ = {
			isa = PBXGroup;
			children = (
				043F269D189FE2D50005B321 /* FontsTests-Info.plist */,
				043F269E189FE2D50005B321 /* InfoPlist.strings */,
			);
			name = "Supporting Files";
			sourceTree = "<group>";
		};
/* End PBXGroup section */

/* Begin PBXNativeTarget section */
		043F2678189FE2D50005B321 /* Fonts */ = {
			isa = PBXNativeTarget;
			buildConfigurationList = 043F26A5189FE2D50005B321 /* Build configuration list for PBXNativeTarget "Fonts" */;
			buildPhases = (
				043F2675189FE2D50005B321 /* Sources */,
				043F2676189FE2D50005B321 /* Frameworks */,
				043F2677189FE2D50005B321 /* Resources */,
			);
			buildRules = (
			);
			dependencies = (
			);
			name = Fonts;
			productName = Fonts;
			productReference = 043F2679189FE2D50005B321 /* Fonts.app */;
			productType = "com.apple.product-type.application";
		};
		043F2693189FE2D50005B321 /* FontsTests */ = {
			isa = PBXNativeTarget;
			buildConfigurationList = 043F26A8189FE2D50005B321 /* Build configuration list for PBXNativeTarget "FontsTests" */;
			buildPhases = (
				043F2690189FE2D50005B321 /* Sources */,
				043F2691189FE2D50005B321 /* Frameworks */,
				043F2692189FE2D50005B321 /* Resources */,
			);
			buildRules = (
			);
			dependencies = (
				043F269A189FE2D50005B321 /* PBXTargetDependency */,
			);
			name = FontsTests;
			productName = FontsTests;
			productReference = 043F2694189FE2D50005B321 /* FontsTests.xctest */;
			productType = "com.apple.product-type.bundle.unit-test";
		};
/* End PBXNativeTarget section */

/* Begin PBXProject section */
		043F2671189FE2D50005B321 /* Project object */ = {
			isa = PBXProject;
			attributes = {
				CLASSPREFIX = BID;
				LastUpgradeCheck = 0500;
				ORGANIZATIONNAME = Apress;
				TargetAttributes = {
					043F2693189FE2D50005B321 = {
						TestTargetID = 043F2678189FE2D50005B321;
					};
				};
			};
			buildConfigurationList = 043F2674189FE2D50005B321 /* Build configuration list for PBXProject "Fonts" */;
			compatibilityVersion = "Xcode 3.2";
			developmentRegion = English;
			hasScannedForEncodings = 0;
			knownRegions = (
				en,
			);
			mainGroup = 043F2670189FE2D50005B321;
			productRefGroup = 043F267A189FE2D50005B321 /* Products */;
			projectDirPath = "";
			projectRoot = "";
			targets = (
				043F2678189FE2D50005B321 /* Fonts */,
				043F2693189FE2D50005B321 /* FontsTests */,
			);
		};
/* End PBXProject section */

/* Begin PBXResourcesBuildPhase section */
		043F2677189FE2D50005B321 /* Resources */ = {
			isa = PBXResourcesBuildPhase;
			buildActionMask = 2147483647;
			files = (
				043F26AC189FE7660005B321 /* Main.storyboard in Resources */,
				043F2687189FE2D50005B321 /* InfoPlist.strings in Resources */,
				043F268F189FE2D50005B321 /* Images.xcassets in Resources */,
			);
			runOnlyForDeploymentPostprocessing = 0;
		};
		043F2692189FE2D50005B321 /* Resources */ = {
			isa = PBXResourcesBuildPhase;
			buildActionMask = 2147483647;
			files = (
				043F26A0189FE2D50005B321 /* InfoPlist.strings in Resources */,
			);
			runOnlyForDeploymentPostprocessing = 0;
		};
/* End PBXResourcesBuildPhase section */

/* Begin PBXSourcesBuildPhase section */
		043F2675189FE2D50005B321 /* Sources */ = {
			isa = PBXSourcesBuildPhase;
			buildActionMask = 2147483647;
			files = (
				043F268D189FE2D50005B321 /* BIDAppDelegate.m in Sources */,
				0447244A18A50A980008CB3E /* BIDFontListViewController.m in Sources */,
				043F2689189FE2D50005B321 /* main.m in Sources */,
				043F26B2189FEEC00005B321 /* BIDRootViewController.m in Sources */,
				0447244D18A9085F0008CB3E /* BIDFontSizesViewController.m in Sources */,
				048971D918A91B4400F0E726 /* BIDFontInfoViewController.m in Sources */,
				043F26B5189FF0670005B321 /* BIDFavoritesList.m in Sources */,
			);
			runOnlyForDeploymentPostprocessing = 0;
		};
		043F2690189FE2D50005B321 /* Sources */ = {
			isa = PBXSourcesBuildPhase;
			buildActionMask = 2147483647;
			files = (
				043F26A2189FE2D50005B321 /* FontsTests.m in Sources */,
			);
			runOnlyForDeploymentPostprocessing = 0;
		};
/* End PBXSourcesBuildPhase section */

/* Begin PBXTargetDependency section */
		043F269A189FE2D50005B321 /* PBXTargetDependency */ = {
			isa = PBXTargetDependency;
			target = 043F2678189FE2D50005B321 /* Fonts */;
			targetProxy = 043F2699189FE2D50005B321 /* PBXContainerItemProxy */;
		};
/* End PBXTargetDependency section */

/* Begin PBXVariantGroup section */
		043F2685189FE2D50005B321 /* InfoPlist.strings */ = {
			isa = PBXVariantGroup;
			children = (
				043F2686189FE2D50005B321 /* en */,
			);
			name = InfoPlist.strings;
			sourceTree = "<group>";
		};
		043F269E189FE2D50005B321 /* InfoPlist.strings */ = {
			isa = PBXVariantGroup;
			children = (
				043F269F189FE2D50005B321 /* en */,
			);
			name = InfoPlist.strings;
			sourceTree = "<group>";
		};
/* End PBXVariantGroup section */

/* Begin XCBuildConfiguration section */
		043F26A3189FE2D50005B321 /* Debug */ = {
			isa = XCBuildConfiguration;
			buildSettings = {
				ALWAYS_SEARCH_USER_PATHS = NO;
				ARCHS = "$(ARCHS_STANDARD_INCLUDING_64_BIT)";
				CLANG_CXX_LANGUAGE_STANDARD = "gnu++0x";
				CLANG_CXX_LIBRARY = "libc++";
				CLANG_ENABLE_MODULES = YES;
				CLANG_ENABLE_OBJC_ARC = YES;
				CLANG_WARN_BOOL_CONVERSION = YES;
				CLANG_WARN_CONSTANT_CONVERSION = YES;
				CLANG_WARN_DIRECT_OBJC_ISA_USAGE = YES_ERROR;
				CLANG_WARN_EMPTY_BODY = YES;
				CLANG_WARN_ENUM_CONVERSION = YES;
				CLANG_WARN_INT_CONVERSION = YES;
				CLANG_WARN_OBJC_ROOT_CLASS = YES_ERROR;
				CLANG_WARN__DUPLICATE_METHOD_MATCH = YES;
				"CODE_SIGN_IDENTITY[sdk=iphoneos*]" = "iPhone Developer";
				COPY_PHASE_STRIP = NO;
				GCC_C_LANGUAGE_STANDARD = gnu99;
				GCC_DYNAMIC_NO_PIC = NO;
				GCC_OPTIMIZATION_LEVEL = 0;
				GCC_PREPROCESSOR_DEFINITIONS = (
					"DEBUG=1",
					"$(inherited)",
				);
				GCC_SYMBOLS_PRIVATE_EXTERN = NO;
				GCC_WARN_64_TO_32_BIT_CONVERSION = YES;
				GCC_WARN_ABOUT_RETURN_TYPE = YES_ERROR;
				GCC_WARN_UNDECLARED_SELECTOR = YES;
				GCC_WARN_UNINITIALIZED_AUTOS = YES;
				GCC_WARN_UNUSED_FUNCTION = YES;
				GCC_WARN_UNUSED_VARIABLE = YES;
				IPHONEOS_DEPLOYMENT_TARGET = 7.0;
				ONLY_ACTIVE_ARCH = YES;
				SDKROOT = iphoneos;
			};
			name = Debug;
		};
		043F26A4189FE2D50005B321 /* Release */ = {
			isa = XCBuildConfiguration;
			buildSettings = {
				ALWAYS_SEARCH_USER_PATHS = NO;
				ARCHS = "$(ARCHS_STANDARD_INCLUDING_64_BIT)";
				CLANG_CXX_LANGUAGE_STANDARD = "gnu++0x";
				CLANG_CXX_LIBRARY = "libc++";
				CLANG_ENABLE_MODULES = YES;
				CLANG_ENABLE_OBJC_ARC = YES;
				CLANG_WARN_BOOL_CONVERSION = YES;
				CLANG_WARN_CONSTANT_CONVERSION = YES;
				CLANG_WARN_DIRECT_OBJC_ISA_USAGE = YES_ERROR;
				CLANG_WARN_EMPTY_BODY = YES;
				CLANG_WARN_ENUM_CONVERSION = YES;
				CLANG_WARN_INT_CONVERSION = YES;
				CLANG_WARN_OBJC_ROOT_CLASS = YES_ERROR;
				CLANG_WARN__DUPLICATE_METHOD_MATCH = YES;
				"CODE_SIGN_IDENTITY[sdk=iphoneos*]" = "iPhone Developer";
				COPY_PHASE_STRIP = YES;
				ENABLE_NS_ASSERTIONS = NO;
				GCC_C_LANGUAGE_STANDARD = gnu99;
				GCC_WARN_64_TO_32_BIT_CONVERSION = YES;
				GCC_WARN_ABOUT_RETURN_TYPE = YES_ERROR;
				GCC_WARN_UNDECLARED_SELECTOR = YES;
				GCC_WARN_UNINITIALIZED_AUTOS = YES;
				GCC_WARN_UNUSED_FUNCTION = YES;
				GCC_WARN_UNUSED_VARIABLE = YES;
				IPHONEOS_DEPLOYMENT_TARGET = 7.0;
				SDKROOT = iphoneos;
				VALIDATE_PRODUCT = YES;
			};
			name = Release;
		};
		043F26A6189FE2D50005B321 /* Debug */ = {
			isa = XCBuildConfiguration;
			buildSettings = {
				ASSETCATALOG_COMPILER_APPICON_NAME = AppIcon;
				ASSETCATALOG_COMPILER_LAUNCHIMAGE_NAME = LaunchImage;
				GCC_PRECOMPILE_PREFIX_HEADER = YES;
				GCC_PREFIX_HEADER = "Fonts/Fonts-Prefix.pch";
				INFOPLIST_FILE = "Fonts/Fonts-Info.plist";
				PRODUCT_NAME = "$(TARGET_NAME)";
				WRAPPER_EXTENSION = app;
			};
			name = Debug;
		};
		043F26A7189FE2D50005B321 /* Release */ = {
			isa = XCBuildConfiguration;
			buildSettings = {
				ASSETCATALOG_COMPILER_APPICON_NAME = AppIcon;
				ASSETCATALOG_COMPILER_LAUNCHIMAGE_NAME = LaunchImage;
				GCC_PRECOMPILE_PREFIX_HEADER = YES;
				GCC_PREFIX_HEADER = "Fonts/Fonts-Prefix.pch";
				INFOPLIST_FILE = "Fonts/Fonts-Info.plist";
				PRODUCT_NAME = "$(TARGET_NAME)";
				WRAPPER_EXTENSION = app;
			};
			name = Release;
		};
		043F26A9189FE2D50005B321 /* Debug */ = {
			isa = XCBuildConfiguration;
			buildSettings = {
				ARCHS = "$(ARCHS_STANDARD_INCLUDING_64_BIT)";
				BUNDLE_LOADER = "$(BUILT_PRODUCTS_DIR)/Fonts.app/Fonts";
				FRAMEWORK_SEARCH_PATHS = (
					"$(SDKROOT)/Developer/Library/Frameworks",
					"$(inherited)",
					"$(DEVELOPER_FRAMEWORKS_DIR)",
				);
				GCC_PRECOMPILE_PREFIX_HEADER = YES;
				GCC_PREFIX_HEADER = "Fonts/Fonts-Prefix.pch";
				GCC_PREPROCESSOR_DEFINITIONS = (
					"DEBUG=1",
					"$(inherited)",
				);
				INFOPLIST_FILE = "FontsTests/FontsTests-Info.plist";
				PRODUCT_NAME = "$(TARGET_NAME)";
				TEST_HOST = "$(BUNDLE_LOADER)";
				WRAPPER_EXTENSION = xctest;
			};
			name = Debug;
		};
		043F26AA189FE2D50005B321 /* Release */ = {
			isa = XCBuildConfiguration;
			buildSettings = {
				ARCHS = "$(ARCHS_STANDARD_INCLUDING_64_BIT)";
				BUNDLE_LOADER = "$(BUILT_PRODUCTS_DIR)/Fonts.app/Fonts";
				FRAMEWORK_SEARCH_PATHS = (
					"$(SDKROOT)/Developer/Library/Frameworks",
					"$(inherited)",
					"$(DEVELOPER_FRAMEWORKS_DIR)",
				);
				GCC_PRECOMPILE_PREFIX_HEADER = YES;
				GCC_PREFIX_HEADER = "Fonts/Fonts-Prefix.pch";
				INFOPLIST_FILE = "FontsTests/FontsTests-Info.plist";
				PRODUCT_NAME = "$(TARGET_NAME)";
				TEST_HOST = "$(BUNDLE_LOADER)";
				WRAPPER_EXTENSION = xctest;
			};
			name = Release;
		};
/* End XCBuildConfiguration section */

/* Begin XCConfigurationList section */
		043F2674189FE2D50005B321 /* Build configuration list for PBXProject "Fonts" */ = {
			isa = XCConfigurationList;
			buildConfigurations = (
				043F26A3189FE2D50005B321 /* Debug */,
				043F26A4189FE2D50005B321 /* Release */,
			);
			defaultConfigurationIsVisible = 0;
			defaultConfigurationName = Release;
		};
		043F26A5189FE2D50005B321 /* Build configuration list for PBXNativeTarget "Fonts" */ = {
			isa = XCConfigurationList;
			buildConfigurations = (
				043F26A6189FE2D50005B321 /* Debug */,
				043F26A7189FE2D50005B321 /* Release */,
			);
			defaultConfigurationIsVisible = 0;
			defaultConfigurationName = Release;
		};
		043F26A8189FE2D50005B321 /* Build configuration list for PBXNativeTarget "FontsTests" */ = {
			isa = XCConfigurationList;
			buildConfigurations = (
				043F26A9189FE2D50005B321 /* Debug */,
				043F26AA189FE2D50005B321 /* Release */,
			);
			defaultConfigurationIsVisible = 0;
			defaultConfigurationName = Release;
		};
/* End XCConfigurationList section */
	};
	rootObject = 043F2671189FE2D50005B321 /* Project object */;
}
